
Microsoft Visual Studio Solution File, Format Version 12.00
# Visual Studio Version 16
VisualStudioVersion = 16.0.31424.327
MinimumVisualStudioVersion = 10.0.40219.1
Project("{9A19103F-16F7-4668-BE54-9A1E7A4F7556}") = "OPTICIP.API", "OPTICIP.API\OPTICIP.API.csproj", "{25CE7C38-4BF9-4484-AAF2-C146B7A158DD}"
EndProject
Project("{2150E333-8FDC-42A3-9474-1A3956D46DE8}") = "Services", "Services", "{112523EA-6686-47C7-8E2B-7CF7A221B5B7}"
EndProject
Project("{9A19103F-16F7-4668-BE54-9A1E7A4F7556}") = "OPTICIP.Entities", "OPTICIP.Entities\OPTICIP.Entities.csproj", "{F82A85E8-695C-47BD-AF68-999AD4AA9CC3}"
EndProject
Project("{9A19103F-16F7-4668-BE54-9A1E7A4F7556}") = "OPTICIP.IContractLayer", "OPTICIP.IContractLayer\OPTICIP.IContractLayer.csproj", "{361DA9FA-F86A-4D8A-BFFD-7DCAC6D2CB40}"
EndProject
Project("{9A19103F-16F7-4668-BE54-9A1E7A4F7556}") = "OPTICIP.BusinessLogicLayer", "OPTICIP.BusinessLogicLayer\OPTICIP.BusinessLogicLayer.csproj", "{03787C5A-336B-429B-A168-B233265267B2}"
EndProject
Project("{9A19103F-16F7-4668-BE54-9A1E7A4F7556}") = "OPTICIP.DataAccessLayer", "OPTICIP.DataAccessLayer\OPTICIP.DataAccessLayer.csproj", "{F596E297-5C15-4AEE-B936-46B6A1850B3B}"
EndProject
Project("{2150E333-8FDC-42A3-9474-1A3956D46DE8}") = "FrameWork", "FrameWork", "{BECEB761-C0E9-41A2-8AE2-80ACA8B03E6A}"
EndProject
Project("{9A19103F-16F7-4668-BE54-9A1E7A4F7556}") = "OPTICIP.SeedWork", "OPTICIP.SeedWork\OPTICIP.SeedWork.csproj", "{1E3BB000-4831-484F-B912-EAC20DD5B1B4}"
EndProject
Project("{E53339B2-1760-4266-BCC7-CA923CBCF16C}") = "docker-compose", "docker-compose.dcproj", "{5ACAA749-063F-4ABC-8124-AE0863AD13D3}"
EndProject
Project("{9A19103F-16F7-4668-BE54-9A1E7A4F7556}") = "Logger", "Logger\Logger.csproj", "{B864FC10-7DAA-4278-9644-0DA097F1C9D9}"
EndProject
Global
	GlobalSection(SolutionConfigurationPlatforms) = preSolution
		Debug|Any CPU = Debug|Any CPU
		Release|Any CPU = Release|Any CPU
	EndGlobalSection
	GlobalSection(ProjectConfigurationPlatforms) = postSolution
		{25CE7C38-4BF9-4484-AAF2-C146B7A158DD}.Debug|Any CPU.ActiveCfg = Debug|Any CPU
		{25CE7C38-4BF9-4484-AAF2-C146B7A158DD}.Debug|Any CPU.Build.0 = Debug|Any CPU
		{25CE7C38-4BF9-4484-AAF2-C146B7A158DD}.Release|Any CPU.ActiveCfg = Release|Any CPU
		{25CE7C38-4BF9-4484-AAF2-C146B7A158DD}.Release|Any CPU.Build.0 = Release|Any CPU
		{F82A85E8-695C-47BD-AF68-999AD4AA9CC3}.Debug|Any CPU.ActiveCfg = Debug|Any CPU
		{F82A85E8-695C-47BD-AF68-999AD4AA9CC3}.Debug|Any CPU.Build.0 = Debug|Any CPU
		{F82A85E8-695C-47BD-AF68-999AD4AA9CC3}.Release|Any CPU.ActiveCfg = Release|Any CPU
		{F82A85E8-695C-47BD-AF68-999AD4AA9CC3}.Release|Any CPU.Build.0 = Release|Any CPU
		{361DA9FA-F86A-4D8A-BFFD-7DCAC6D2CB40}.Debug|Any CPU.ActiveCfg = Debug|Any CPU
		{361DA9FA-F86A-4D8A-BFFD-7DCAC6D2CB40}.Debug|Any CPU.Build.0 = Debug|Any CPU
		{361DA9FA-F86A-4D8A-BFFD-7DCAC6D2CB40}.Release|Any CPU.ActiveCfg = Release|Any CPU
		{361DA9FA-F86A-4D8A-BFFD-7DCAC6D2CB40}.Release|Any CPU.Build.0 = Release|Any CPU
		{03787C5A-336B-429B-A168-B233265267B2}.Debug|Any CPU.ActiveCfg = Debug|Any CPU
		{03787C5A-336B-429B-A168-B233265267B2}.Debug|Any CPU.Build.0 = Debug|Any CPU
		{03787C5A-336B-429B-A168-B233265267B2}.Release|Any CPU.ActiveCfg = Release|Any CPU
		{03787C5A-336B-429B-A168-B233265267B2}.Release|Any CPU.Build.0 = Release|Any CPU
		{F596E297-5C15-4AEE-B936-46B6A1850B3B}.Debug|Any CPU.ActiveCfg = Debug|Any CPU
		{F596E297-5C15-4AEE-B936-46B6A1850B3B}.Debug|Any CPU.Build.0 = Debug|Any CPU
		{F596E297-5C15-4AEE-B936-46B6A1850B3B}.Release|Any CPU.ActiveCfg = Release|Any CPU
		{F596E297-5C15-4AEE-B936-46B6A1850B3B}.Release|Any CPU.Build.0 = Release|Any CPU
		{1E3BB000-4831-484F-B912-EAC20DD5B1B4}.Debug|Any CPU.ActiveCfg = Debug|Any CPU
		{1E3BB000-4831-484F-B912-EAC20DD5B1B4}.Debug|Any CPU.Build.0 = Debug|Any CPU
		{1E3BB000-4831-484F-B912-EAC20DD5B1B4}.Release|Any CPU.ActiveCfg = Release|Any CPU
		{1E3BB000-4831-484F-B912-EAC20DD5B1B4}.Release|Any CPU.Build.0 = Release|Any CPU
		{5ACAA749-063F-4ABC-8124-AE0863AD13D3}.Debug|Any CPU.ActiveCfg = Debug|Any CPU
		{5ACAA749-063F-4ABC-8124-AE0863AD13D3}.Debug|Any CPU.Build.0 = Debug|Any CPU
		{5ACAA749-063F-4ABC-8124-AE0863AD13D3}.Release|Any CPU.ActiveCfg = Release|Any CPU
		{B864FC10-7DAA-4278-9644-0DA097F1C9D9}.Debug|Any CPU.ActiveCfg = Debug|Any CPU
		{B864FC10-7DAA-4278-9644-0DA097F1C9D9}.Debug|Any CPU.Build.0 = Debug|Any CPU
		{B864FC10-7DAA-4278-9644-0DA097F1C9D9}.Release|Any CPU.ActiveCfg = Release|Any CPU
		{B864FC10-7DAA-4278-9644-0DA097F1C9D9}.Release|Any CPU.Build.0 = Release|Any CPU
	EndGlobalSection
	GlobalSection(SolutionProperties) = preSolution
		HideSolutionNode = FALSE
	EndGlobalSection
	GlobalSection(NestedProjects) = preSolution
		{25CE7C38-4BF9-4484-AAF2-C146B7A158DD} = {112523EA-6686-47C7-8E2B-7CF7A221B5B7}
		{F82A85E8-695C-47BD-AF68-999AD4AA9CC3} = {112523EA-6686-47C7-8E2B-7CF7A221B5B7}
		{361DA9FA-F86A-4D8A-BFFD-7DCAC6D2CB40} = {112523EA-6686-47C7-8E2B-7CF7A221B5B7}
		{03787C5A-336B-429B-A168-B233265267B2} = {112523EA-6686-47C7-8E2B-7CF7A221B5B7}
		{F596E297-5C15-4AEE-B936-46B6A1850B3B} = {112523EA-6686-47C7-8E2B-7CF7A221B5B7}
		{1E3BB000-4831-484F-B912-EAC20DD5B1B4} = {BECEB761-C0E9-41A2-8AE2-80ACA8B03E6A}
	EndGlobalSection
	GlobalSection(ExtensibilityGlobals) = postSolution
		SolutionGuid = {4635BFF9-D70B-41CB-BCFE-2308C4BB2F95}
	EndGlobalSection
EndGlobal
